{
  "nodes": {
    "flake-utils": {
      "inputs": {
        "systems": "systems"
      },
      "locked": {
        "lastModified": 1689068808,
        "narHash": "sha256-6ixXo3wt24N/melDWjq70UuHQLxGV8jZvooRanIHXw0=",
        "owner": "numtide",
        "repo": "flake-utils",
        "rev": "919d646de7be200f3bf08cb76ae1f09402b6f9b4",
        "type": "github"
      },
      "original": {
        "owner": "numtide",
        "repo": "flake-utils",
        "type": "github"
      }
    },
    "nixpkgs": {
      "locked": {
        "lastModified": 1689806338,
        "narHash": "sha256-WB5hYFIX6Q4nSJffn7sSh5WoScTjAvXwIdLqLhKZXYs=",
        "owner": "NixOS",
        "repo": "nixpkgs",
        "rev": "7666089f26ed074d6b3ddf9c1ad9322ac7fecb37",
        "type": "github"
      },
      "original": {
        "owner": "NixOS",
        "ref": "release-23.05",
        "repo": "nixpkgs",
        "type": "github"
      }
    },
    "root": {
      "inputs": {
        "flake-utils": "flake-utils",
        "nixpkgs": "nixpkgs",
        "wasmtime": "wasmtime"
      }
    },
    "systems": {
      "locked": {
        "lastModified": 1681028828,
        "narHash": "sha256-Vy1rq5AaRuLzOxct8nz4T6wlgyUR7zLU309k9mBC768=",
        "owner": "nix-systems",
        "repo": "default",
        "rev": "da67096a3b9bf56a91d16901293e51ba5b49a27e",
        "type": "github"
      },
      "original": {
        "owner": "nix-systems",
        "repo": "default",
        "type": "github"
      }
    },
    "wasmtime": {
      "flake": false,
      "locked": {
        "lastModified": 1687385532,
        "narHash": "sha256-tDo3f2Drjgs0PSu2dWGomO+iyS96Df2891TQxAew4YE=",
        "owner": "bytecodealliance",
        "repo": "wasmtime",
        "rev": "a45abadbc39a57dd3e404231e2751a80cdafa4b0",
        "type": "github"
      },
      "original": {
        "owner": "bytecodealliance",
        "ref": "v10.0.1",
        "repo": "wasmtime",
        "type": "github"
      }
    }
  },
  "root": "root",
  "version": 7
}
